
Microsoft Visual Studio Solution File, Format Version 12.00
# Visual Studio Version 17
VisualStudioVersion = 17.3.32929.385
MinimumVisualStudioVersion = 10.0.40219.1
Project("{9A19103F-16F7-4668-BE54-9A1E7A4F7556}") = "Benchmarker", "Benchmarker.csproj", "{5C523B34-CEA8-4F8F-A00D-31EE920EC188}"
EndProject
Project("{FAE04EC0-301F-11D3-BF4B-00C04F79EFBC}") = "ClassVsStruct", "..\ClassVsStruct\ClassVsStruct.csproj", "{1EA908C1-E525-4FFB-BFFE-646FCA282E10}"
EndProject
Project("{FAE04EC0-301F-11D3-BF4B-00C04F79EFBC}") = "ClassVsStructPoint", "..\ClassVsStructPoint\ClassVsStructPoint.csproj", "{A88F5556-4970-4C94-810E-0C475A0A437E}"
EndProject
Global
	GlobalSection(SolutionConfigurationPlatforms) = preSolution
		Debug|Any CPU = Debug|Any CPU
		Release|Any CPU = Release|Any CPU
	EndGlobalSection
	GlobalSection(ProjectConfigurationPlatforms) = postSolution
		{5C523B34-CEA8-4F8F-A00D-31EE920EC188}.Debug|Any CPU.ActiveCfg = Debug|Any CPU
		{5C523B34-CEA8-4F8F-A00D-31EE920EC188}.Debug|Any CPU.Build.0 = Debug|Any CPU
		{5C523B34-CEA8-4F8F-A00D-31EE920EC188}.Release|Any CPU.ActiveCfg = Release|Any CPU
		{5C523B34-CEA8-4F8F-A00D-31EE920EC188}.Release|Any CPU.Build.0 = Release|Any CPU
		{1EA908C1-E525-4FFB-BFFE-646FCA282E10}.Debug|Any CPU.ActiveCfg = Debug|Any CPU
		{1EA908C1-E525-4FFB-BFFE-646FCA282E10}.Debug|Any CPU.Build.0 = Debug|Any CPU
		{1EA908C1-E525-4FFB-BFFE-646FCA282E10}.Release|Any CPU.ActiveCfg = Release|Any CPU
		{1EA908C1-E525-4FFB-BFFE-646FCA282E10}.Release|Any CPU.Build.0 = Release|Any CPU
		{A88F5556-4970-4C94-810E-0C475A0A437E}.Debug|Any CPU.ActiveCfg = Debug|Any CPU
		{A88F5556-4970-4C94-810E-0C475A0A437E}.Debug|Any CPU.Build.0 = Debug|Any CPU
		{A88F5556-4970-4C94-810E-0C475A0A437E}.Release|Any CPU.ActiveCfg = Release|Any CPU
		{A88F5556-4970-4C94-810E-0C475A0A437E}.Release|Any CPU.Build.0 = Release|Any CPU
	EndGlobalSection
	GlobalSection(SolutionProperties) = preSolution
		HideSolutionNode = FALSE
	EndGlobalSection
	GlobalSection(ExtensibilityGlobals) = postSolution
		SolutionGuid = {A8EB05DA-1793-42FF-9137-407A55446A00}
	EndGlobalSection
EndGlobal
